Microsoft Visual Studio Solution File, Format Version 12.00
# Visual Studio 15
VisualStudioVersion = 15.0.27130.2010
MinimumVisualStudioVersion = 15.0.26124.0
Project("{2150E333-8FDC-42A3-9474-1A3956D46DE8}") = "src", "src", "{A491A688-2E5A-4860-AE85-C32C5810E97D}"
EndProject
Project("{9A19103F-16F7-4668-BE54-9A1E7A4F7556}") = "CodingMilitia.AngularAspNetCoreDockerSample.WebApi", "src\CodingMilitia.AngularAspNetCoreDockerSample.WebApi\CodingMilitia.AngularAspNetCoreDockerSample.WebApi.csproj", "{2D6C6F09-83EB-4D04-8E7A-2DE98E86F3DC}"
EndProject
Project("{9A19103F-16F7-4668-BE54-9A1E7A4F7556}") = "CodingMilitia.AngularAspNetCoreDockerSample.Data", "src\CodingMilitia.AngularAspNetCoreDockerSample.Data\CodingMilitia.AngularAspNetCoreDockerSample.Data.csproj", "{AF1B7B84-1CC9-426D-A4D1-143DC689EE87}"
EndProject
Global
	GlobalSection(SolutionConfigurationPlatforms) = preSolution
		Debug|Any CPU = Debug|Any CPU
		Debug|x64 = Debug|x64
		Debug|x86 = Debug|x86
		Release|Any CPU = Release|Any CPU
		Release|x64 = Release|x64
		Release|x86 = Release|x86
	EndGlobalSection
	GlobalSection(ProjectConfigurationPlatforms) = postSolution
		{2D6C6F09-83EB-4D04-8E7A-2DE98E86F3DC}.Debug|Any CPU.ActiveCfg = Debug|Any CPU
		{2D6C6F09-83EB-4D04-8E7A-2DE98E86F3DC}.Debug|Any CPU.Build.0 = Debug|Any CPU
		{2D6C6F09-83EB-4D04-8E7A-2DE98E86F3DC}.Debug|x64.ActiveCfg = Debug|Any CPU
		{2D6C6F09-83EB-4D04-8E7A-2DE98E86F3DC}.Debug|x64.Build.0 = Debug|Any CPU
		{2D6C6F09-83EB-4D04-8E7A-2DE98E86F3DC}.Debug|x86.ActiveCfg = Debug|Any CPU
		{2D6C6F09-83EB-4D04-8E7A-2DE98E86F3DC}.Debug|x86.Build.0 = Debug|Any CPU
		{2D6C6F09-83EB-4D04-8E7A-2DE98E86F3DC}.Release|Any CPU.ActiveCfg = Release|Any CPU
		{2D6C6F09-83EB-4D04-8E7A-2DE98E86F3DC}.Release|Any CPU.Build.0 = Release|Any CPU
		{2D6C6F09-83EB-4D04-8E7A-2DE98E86F3DC}.Release|x64.ActiveCfg = Release|Any CPU
		{2D6C6F09-83EB-4D04-8E7A-2DE98E86F3DC}.Release|x64.Build.0 = Release|Any CPU
		{2D6C6F09-83EB-4D04-8E7A-2DE98E86F3DC}.Release|x86.ActiveCfg = Release|Any CPU
		{2D6C6F09-83EB-4D04-8E7A-2DE98E86F3DC}.Release|x86.Build.0 = Release|Any CPU
		{AF1B7B84-1CC9-426D-A4D1-143DC689EE87}.Debug|Any CPU.ActiveCfg = Debug|Any CPU
		{AF1B7B84-1CC9-426D-A4D1-143DC689EE87}.Debug|Any CPU.Build.0 = Debug|Any CPU
		{AF1B7B84-1CC9-426D-A4D1-143DC689EE87}.Debug|x64.ActiveCfg = Debug|Any CPU
		{AF1B7B84-1CC9-426D-A4D1-143DC689EE87}.Debug|x64.Build.0 = Debug|Any CPU
		{AF1B7B84-1CC9-426D-A4D1-143DC689EE87}.Debug|x86.ActiveCfg = Debug|Any CPU
		{AF1B7B84-1CC9-426D-A4D1-143DC689EE87}.Debug|x86.Build.0 = Debug|Any CPU
		{AF1B7B84-1CC9-426D-A4D1-143DC689EE87}.Release|Any CPU.ActiveCfg = Release|Any CPU
		{AF1B7B84-1CC9-426D-A4D1-143DC689EE87}.Release|Any CPU.Build.0 = Release|Any CPU
		{AF1B7B84-1CC9-426D-A4D1-143DC689EE87}.Release|x64.ActiveCfg = Release|Any CPU
		{AF1B7B84-1CC9-426D-A4D1-143DC689EE87}.Release|x64.Build.0 = Release|Any CPU
		{AF1B7B84-1CC9-426D-A4D1-143DC689EE87}.Release|x86.ActiveCfg = Release|Any CPU
		{AF1B7B84-1CC9-426D-A4D1-143DC689EE87}.Release|x86.Build.0 = Release|Any CPU
	EndGlobalSection
	GlobalSection(SolutionProperties) = preSolution
		HideSolutionNode = FALSE
	EndGlobalSection
	GlobalSection(NestedProjects) = preSolution
		{2D6C6F09-83EB-4D04-8E7A-2DE98E86F3DC} = {A491A688-2E5A-4860-AE85-C32C5810E97D}
		{AF1B7B84-1CC9-426D-A4D1-143DC689EE87} = {A491A688-2E5A-4860-AE85-C32C5810E97D}
	EndGlobalSection
	GlobalSection(ExtensibilityGlobals) = postSolution
		SolutionGuid = {3A94C5A3-7706-462E-BD26-AF813E931C08}
	EndGlobalSection
EndGlobal
